
Microsoft Visual Studio Solution File, Format Version 12.00
# Visual Studio Version 16
VisualStudioVersion = 16.0.30709.132
MinimumVisualStudioVersion = 10.0.40219.1
Project("{9A19103F-16F7-4668-BE54-9A1E7A4F7556}") = "Multidimensional Arrays", "Multidimensional Arrays\Multidimensional Arrays.csproj", "{DCF097D9-ACE6-4BDA-B558-F74DBECF7212}"
EndProject
Project("{FAE04EC0-301F-11D3-BF4B-00C04F79EFBC}") = "ConsoleApp1", "ConsoleApp1\ConsoleApp1.csproj", "{7C2C7F2B-F8A7-4761-9C76-35968453B374}"
EndProject
Project("{FAE04EC0-301F-11D3-BF4B-00C04F79EFBC}") = "ConsoleApp2", "ConsoleApp2\ConsoleApp2.csproj", "{17695C33-99AE-4F09-94BA-146158AB2EE8}"
EndProject
Project("{FAE04EC0-301F-11D3-BF4B-00C04F79EFBC}") = "ConsoleApp3", "ConsoleApp3\ConsoleApp3.csproj", "{CA3D8624-F196-4CF7-A855-35BD96EF9388}"
EndProject
Global
	GlobalSection(SolutionConfigurationPlatforms) = preSolution
		Debug|Any CPU = Debug|Any CPU
		Release|Any CPU = Release|Any CPU
	EndGlobalSection
	GlobalSection(ProjectConfigurationPlatforms) = postSolution
		{DCF097D9-ACE6-4BDA-B558-F74DBECF7212}.Debug|Any CPU.ActiveCfg = Debug|Any CPU
		{DCF097D9-ACE6-4BDA-B558-F74DBECF7212}.Debug|Any CPU.Build.0 = Debug|Any CPU
		{DCF097D9-ACE6-4BDA-B558-F74DBECF7212}.Release|Any CPU.ActiveCfg = Release|Any CPU
		{DCF097D9-ACE6-4BDA-B558-F74DBECF7212}.Release|Any CPU.Build.0 = Release|Any CPU
		{7C2C7F2B-F8A7-4761-9C76-35968453B374}.Debug|Any CPU.ActiveCfg = Debug|Any CPU
		{7C2C7F2B-F8A7-4761-9C76-35968453B374}.Debug|Any CPU.Build.0 = Debug|Any CPU
		{7C2C7F2B-F8A7-4761-9C76-35968453B374}.Release|Any CPU.ActiveCfg = Release|Any CPU
		{7C2C7F2B-F8A7-4761-9C76-35968453B374}.Release|Any CPU.Build.0 = Release|Any CPU
		{17695C33-99AE-4F09-94BA-146158AB2EE8}.Debug|Any CPU.ActiveCfg = Debug|Any CPU
		{17695C33-99AE-4F09-94BA-146158AB2EE8}.Debug|Any CPU.Build.0 = Debug|Any CPU
		{17695C33-99AE-4F09-94BA-146158AB2EE8}.Release|Any CPU.ActiveCfg = Release|Any CPU
		{17695C33-99AE-4F09-94BA-146158AB2EE8}.Release|Any CPU.Build.0 = Release|Any CPU
		{CA3D8624-F196-4CF7-A855-35BD96EF9388}.Debug|Any CPU.ActiveCfg = Debug|Any CPU
		{CA3D8624-F196-4CF7-A855-35BD96EF9388}.Debug|Any CPU.Build.0 = Debug|Any CPU
		{CA3D8624-F196-4CF7-A855-35BD96EF9388}.Release|Any CPU.ActiveCfg = Release|Any CPU
		{CA3D8624-F196-4CF7-A855-35BD96EF9388}.Release|Any CPU.Build.0 = Release|Any CPU
	EndGlobalSection
	GlobalSection(SolutionProperties) = preSolution
		HideSolutionNode = FALSE
	EndGlobalSection
	GlobalSection(ExtensibilityGlobals) = postSolution
		SolutionGuid = {F64CDDD0-7F45-4C98-B0CD-5734BE62011C}
	EndGlobalSection
EndGlobal
